{
	"requires": true,
	"lockfileVersion": 1,
	"dependencies": {
		"performance-now": {
			"version": "2.1.0",
			"resolved": "https://registry.npmjs.org/performance-now/-/performance-now-2.1.0.tgz",
			"integrity": "sha1-Ywn04OX6kT7BxpMHrjZLSzd8nns="
		},
		"raf": {
			"version": "3.4.1",
			"resolved": "https://registry.npmjs.org/raf/-/raf-3.4.1.tgz",
			"integrity": "sha512-Sq4CW4QhwOHE8ucn6J34MqtZCeWFP2aQSmrlroYgqAV1PjStIhJXxYuTgUIfkEk7zTLjmIjLmU5q+fbD1NnOJA==",
			"requires": {
				"performance-now": "^2.1.0"
			}
		}
	}
}
