{
	"lockfileVersion": 1,
	"dependencies": {
		"nervjs": {
			"version": "0.1.18",
			"resolved": "https://registry.npmjs.org/nervjs/-/nervjs-0.1.18.tgz",
			"integrity": "sha512-O4TH30IOxnIvQlR4DqCuI8QLcLnPONCVjpsSTf8o+6LZmic+x+3BhewaE69ErELmxcvWNoHR8Miq0p8o7nxW7w=="
		},
		"simulate-event": {
			"version": "1.4.0",
			"resolved": "https://registry.npmjs.org/simulate-event/-/simulate-event-1.4.0.tgz",
			"integrity": "sha1-f4pAQRYoC8v+JjR928v/5b0r4A4="
		},
		"xtend": {
			"version": "4.0.1",
			"resolved": "https://registry.npmjs.org/xtend/-/xtend-4.0.1.tgz",
			"integrity": "sha1-pcbVMr5lbiPbgg77lDofBJmNY68="
		}
	}
}
