{
	"requires": true,
	"lockfileVersion": 1,
	"dependencies": {
		"nerv-server": {
			"version": "1.2.3",
			"resolved": "http://registry.npm.taobao.org/nerv-server/download/nerv-server-1.2.3.tgz",
			"integrity": "sha1-wkzWG9FK8zthxC3ufrWDEZosOYE=",
			"requires": {
				"nerv-shared": "1.2.3",
				"nerv-utils": "1.2.0"
			}
		},
		"nerv-shared": {
			"version": "1.2.3",
			"resolved": "http://registry.npm.taobao.org/nerv-shared/download/nerv-shared-1.2.3.tgz",
			"integrity": "sha1-P1fi+R6n3auHU9ctfq2UMOAdgng="
		},
		"nerv-utils": {
			"version": "1.2.0",
			"resolved": "http://registry.npm.taobao.org/nerv-utils/download/nerv-utils-1.2.0.tgz",
			"integrity": "sha1-h4TfqcpTmub7dJYhDAxoghhVa4k="
		},
		"nervjs": {
			"version": "1.2.4",
			"resolved": "http://registry.npm.taobao.org/nervjs/download/nervjs-1.2.4.tgz",
			"integrity": "sha1-0bsM54sLS/xB7RNErMLSy3wlCIA=",
			"requires": {
				"nerv-shared": "1.2.3",
				"nerv-utils": "1.2.4-beta.1"
			},
			"dependencies": {
				"nerv-utils": {
					"version": "1.2.4-beta.1",
					"resolved": "http://registry.npm.taobao.org/nerv-utils/download/nerv-utils-1.2.4-beta.1.tgz",
					"integrity": "sha1-tV5hTAhrm0Rt/K6TVf21t9Rdpt8="
				}
			}
		},
		"simulant": {
			"version": "0.2.2",
			"resolved": "https://registry.npmjs.org/simulant/-/simulant-0.2.2.tgz",
			"integrity": "sha1-8bzlJxK2p6DaON392n6DsgsdoB4="
		}
	}
}
